
Microsoft Visual Studio Solution File, Format Version 12.00
# Visual Studio 2012
Project("{FAE04EC0-301F-11D3-BF4B-00C04F79EFBC}") = "AnimalSanctuaryTests", "AnimalSanctuaryTests\AnimalSanctuaryTests.csproj", "{78A860B7-DF11-4B4F-A20D-235032F84283}"
EndProject
Project("{FAE04EC0-301F-11D3-BF4B-00C04F79EFBC}") = "AnimalSanctuary", "AnimalSanctuary\AnimalSanctuary.csproj", "{241D5B83-7614-4A17-96EE-FED039E353B5}"
EndProject
Global
	GlobalSection(SolutionConfigurationPlatforms) = preSolution
		Debug|Any CPU = Debug|Any CPU
		Release|Any CPU = Release|Any CPU
	EndGlobalSection
	GlobalSection(ProjectConfigurationPlatforms) = postSolution
		{78A860B7-DF11-4B4F-A20D-235032F84283}.Debug|Any CPU.ActiveCfg = Debug|Any CPU
		{78A860B7-DF11-4B4F-A20D-235032F84283}.Debug|Any CPU.Build.0 = Debug|Any CPU
		{78A860B7-DF11-4B4F-A20D-235032F84283}.Release|Any CPU.ActiveCfg = Release|Any CPU
		{78A860B7-DF11-4B4F-A20D-235032F84283}.Release|Any CPU.Build.0 = Release|Any CPU
		{241D5B83-7614-4A17-96EE-FED039E353B5}.Debug|Any CPU.ActiveCfg = Debug|Any CPU
		{241D5B83-7614-4A17-96EE-FED039E353B5}.Debug|Any CPU.Build.0 = Debug|Any CPU
		{241D5B83-7614-4A17-96EE-FED039E353B5}.Release|Any CPU.ActiveCfg = Release|Any CPU
		{241D5B83-7614-4A17-96EE-FED039E353B5}.Release|Any CPU.Build.0 = Release|Any CPU
	EndGlobalSection
EndGlobal
